
Microsoft Visual Studio Solution File, Format Version 12.00
# Visual Studio Version 16
VisualStudioVersion = 16.0.31402.337
MinimumVisualStudioVersion = 10.0.40219.1
Project("{9A19103F-16F7-4668-BE54-9A1E7A4F7556}") = "Scheduling", "Scheduling\Scheduling.csproj", "{2FD5302F-6F9A-4DAA-B51C-7ACF7F8B8670}"
EndProject
Project("{9A19103F-16F7-4668-BE54-9A1E7A4F7556}") = "Garden", "Garden\Garden.csproj", "{64E2C564-062E-4605-9D39-DFE12D43EA2C}"
EndProject
Project("{9A19103F-16F7-4668-BE54-9A1E7A4F7556}") = "ClassroomProject", "ClassroomProject\ClassroomProject.csproj", "{0E69674E-4BF4-4FA4-AAFF-90CB53818AC5}"
EndProject
Project("{9A19103F-16F7-4668-BE54-9A1E7A4F7556}") = "SuperMario", "SuperMario\SuperMario.csproj", "{9A5A6CF3-5E22-4577-A964-9B6DD6E42425}"
EndProject
Project("{9A19103F-16F7-4668-BE54-9A1E7A4F7556}") = "WarmWinter", "WarmWinter\WarmWinter.csproj", "{F0BD569C-ABAD-43DA-B65B-1CF30ADEBDE8}"
EndProject
Project("{9A19103F-16F7-4668-BE54-9A1E7A4F7556}") = "CocktailParty", "CocktailParty\CocktailParty.csproj", "{12E4CF27-87FF-4333-A5BB-B442C823082C}"
EndProject
Project("{9A19103F-16F7-4668-BE54-9A1E7A4F7556}") = "TheFightForGondor", "TheFightForGondor\TheFightForGondor.csproj", "{F6EC8A1E-FD9B-475A-B5BD-10299CC4A9E1}"
EndProject
Project("{9A19103F-16F7-4668-BE54-9A1E7A4F7556}") = "Warships", "Warships\Warships.csproj", "{73622076-3999-4ABB-9607-3FBE794936F7}"
EndProject
Project("{9A19103F-16F7-4668-BE54-9A1E7A4F7556}") = "TheRace", "TheRace\TheRace.csproj", "{A7C4CDF5-40C1-4B62-9DE8-D1F02A32213A}"
EndProject
Project("{9A19103F-16F7-4668-BE54-9A1E7A4F7556}") = "FlowerWreaths", "FlowerWreaths\FlowerWreaths.csproj", "{C2BFC625-1E21-4701-B4C8-B524A674275E}"
EndProject
Project("{9A19103F-16F7-4668-BE54-9A1E7A4F7556}") = "Bee", "Bee\Bee.csproj", "{E0C9FF2B-DFDA-4762-ABB5-7958512C9927}"
EndProject
Project("{9A19103F-16F7-4668-BE54-9A1E7A4F7556}") = "VetClinic", "VetClinic\VetClinic.csproj", "{267695C2-0F1C-4A03-89D3-D5A981A36AA3}"
EndProject
Project("{9A19103F-16F7-4668-BE54-9A1E7A4F7556}") = "Bombs", "Bombs\Bombs.csproj", "{FDD81541-8BD2-4369-BFCD-81BFB325A374}"
EndProject
Project("{9A19103F-16F7-4668-BE54-9A1E7A4F7556}") = "Snake", "Snake\Snake.csproj", "{8548AA9D-BFDD-41D2-B558-658E93A4129D}"
EndProject
Project("{9A19103F-16F7-4668-BE54-9A1E7A4F7556}") = "Parking", "Parking\Parking.csproj", "{D55C50BA-B6E1-4228-8E8E-BEB598CE66CC}"
EndProject
Project("{9A19103F-16F7-4668-BE54-9A1E7A4F7556}") = "Lootbox", "Lootbox\Lootbox.csproj", "{27FA5AF4-AEDA-49C6-AC5E-DD2BE6596794}"
EndProject
Project("{9A19103F-16F7-4668-BE54-9A1E7A4F7556}") = "Re-Volt", "Re-Volt\Re-Volt.csproj", "{AF95016D-5C95-4E1A-BD72-253CDBCD4335}"
EndProject
Project("{9A19103F-16F7-4668-BE54-9A1E7A4F7556}") = "Re-Volt1", "Re-Volt1\Re-Volt1.csproj", "{FE81D961-E0C8-431D-9E3C-621C16A541E9}"
EndProject
Project("{9A19103F-16F7-4668-BE54-9A1E7A4F7556}") = "Guild", "Guild\Guild.csproj", "{3B84860A-6C69-4C9F-BA57-07BD4AC5D7F3}"
EndProject
Project("{9A19103F-16F7-4668-BE54-9A1E7A4F7556}") = "Cooking", "Cooking\Cooking.csproj", "{C721BA78-C689-4BE2-AEF9-5CFB5F9CEBBC}"
EndProject
Project("{9A19103F-16F7-4668-BE54-9A1E7A4F7556}") = "Selling", "Selling\Selling.csproj", "{01015EA8-D7FA-44C4-A24A-C81921622D78}"
EndProject
Project("{9A19103F-16F7-4668-BE54-9A1E7A4F7556}") = "Openning", "Openning\Openning.csproj", "{0CA662E5-F86C-48B6-A5FD-D2059B3D4DDF}"
EndProject
Project("{FAE04EC0-301F-11D3-BF4B-00C04F79EFBC}") = "Problem3", "Problem3\Problem3.csproj", "{E99BC781-19CC-4029-A740-583AD7921D14}"
EndProject
Project("{FAE04EC0-301F-11D3-BF4B-00C04F79EFBC}") = "Masterchef", "Masterchef\Masterchef.csproj", "{3CCE8F20-77CF-4959-99E0-01910197A71A}"
EndProject
Project("{FAE04EC0-301F-11D3-BF4B-00C04F79EFBC}") = "Survivor", "Survivor\Survivor.csproj", "{2ED52B03-2B1F-4F74-88FA-3661DB20E5BD}"
EndProject
Global
	GlobalSection(SolutionConfigurationPlatforms) = preSolution
		Debug|Any CPU = Debug|Any CPU
		Release|Any CPU = Release|Any CPU
	EndGlobalSection
	GlobalSection(ProjectConfigurationPlatforms) = postSolution
		{2FD5302F-6F9A-4DAA-B51C-7ACF7F8B8670}.Debug|Any CPU.ActiveCfg = Debug|Any CPU
		{2FD5302F-6F9A-4DAA-B51C-7ACF7F8B8670}.Debug|Any CPU.Build.0 = Debug|Any CPU
		{2FD5302F-6F9A-4DAA-B51C-7ACF7F8B8670}.Release|Any CPU.ActiveCfg = Release|Any CPU
		{2FD5302F-6F9A-4DAA-B51C-7ACF7F8B8670}.Release|Any CPU.Build.0 = Release|Any CPU
		{64E2C564-062E-4605-9D39-DFE12D43EA2C}.Debug|Any CPU.ActiveCfg = Debug|Any CPU
		{64E2C564-062E-4605-9D39-DFE12D43EA2C}.Debug|Any CPU.Build.0 = Debug|Any CPU
		{64E2C564-062E-4605-9D39-DFE12D43EA2C}.Release|Any CPU.ActiveCfg = Release|Any CPU
		{64E2C564-062E-4605-9D39-DFE12D43EA2C}.Release|Any CPU.Build.0 = Release|Any CPU
		{0E69674E-4BF4-4FA4-AAFF-90CB53818AC5}.Debug|Any CPU.ActiveCfg = Debug|Any CPU
		{0E69674E-4BF4-4FA4-AAFF-90CB53818AC5}.Debug|Any CPU.Build.0 = Debug|Any CPU
		{0E69674E-4BF4-4FA4-AAFF-90CB53818AC5}.Release|Any CPU.ActiveCfg = Release|Any CPU
		{0E69674E-4BF4-4FA4-AAFF-90CB53818AC5}.Release|Any CPU.Build.0 = Release|Any CPU
		{9A5A6CF3-5E22-4577-A964-9B6DD6E42425}.Debug|Any CPU.ActiveCfg = Debug|Any CPU
		{9A5A6CF3-5E22-4577-A964-9B6DD6E42425}.Debug|Any CPU.Build.0 = Debug|Any CPU
		{9A5A6CF3-5E22-4577-A964-9B6DD6E42425}.Release|Any CPU.ActiveCfg = Release|Any CPU
		{9A5A6CF3-5E22-4577-A964-9B6DD6E42425}.Release|Any CPU.Build.0 = Release|Any CPU
		{F0BD569C-ABAD-43DA-B65B-1CF30ADEBDE8}.Debug|Any CPU.ActiveCfg = Debug|Any CPU
		{F0BD569C-ABAD-43DA-B65B-1CF30ADEBDE8}.Debug|Any CPU.Build.0 = Debug|Any CPU
		{F0BD569C-ABAD-43DA-B65B-1CF30ADEBDE8}.Release|Any CPU.ActiveCfg = Release|Any CPU
		{F0BD569C-ABAD-43DA-B65B-1CF30ADEBDE8}.Release|Any CPU.Build.0 = Release|Any CPU
		{12E4CF27-87FF-4333-A5BB-B442C823082C}.Debug|Any CPU.ActiveCfg = Debug|Any CPU
		{12E4CF27-87FF-4333-A5BB-B442C823082C}.Debug|Any CPU.Build.0 = Debug|Any CPU
		{12E4CF27-87FF-4333-A5BB-B442C823082C}.Release|Any CPU.ActiveCfg = Release|Any CPU
		{12E4CF27-87FF-4333-A5BB-B442C823082C}.Release|Any CPU.Build.0 = Release|Any CPU
		{F6EC8A1E-FD9B-475A-B5BD-10299CC4A9E1}.Debug|Any CPU.ActiveCfg = Debug|Any CPU
		{F6EC8A1E-FD9B-475A-B5BD-10299CC4A9E1}.Debug|Any CPU.Build.0 = Debug|Any CPU
		{F6EC8A1E-FD9B-475A-B5BD-10299CC4A9E1}.Release|Any CPU.ActiveCfg = Release|Any CPU
		{F6EC8A1E-FD9B-475A-B5BD-10299CC4A9E1}.Release|Any CPU.Build.0 = Release|Any CPU
		{73622076-3999-4ABB-9607-3FBE794936F7}.Debug|Any CPU.ActiveCfg = Debug|Any CPU
		{73622076-3999-4ABB-9607-3FBE794936F7}.Debug|Any CPU.Build.0 = Debug|Any CPU
		{73622076-3999-4ABB-9607-3FBE794936F7}.Release|Any CPU.ActiveCfg = Release|Any CPU
		{73622076-3999-4ABB-9607-3FBE794936F7}.Release|Any CPU.Build.0 = Release|Any CPU
		{A7C4CDF5-40C1-4B62-9DE8-D1F02A32213A}.Debug|Any CPU.ActiveCfg = Debug|Any CPU
		{A7C4CDF5-40C1-4B62-9DE8-D1F02A32213A}.Debug|Any CPU.Build.0 = Debug|Any CPU
		{A7C4CDF5-40C1-4B62-9DE8-D1F02A32213A}.Release|Any CPU.ActiveCfg = Release|Any CPU
		{A7C4CDF5-40C1-4B62-9DE8-D1F02A32213A}.Release|Any CPU.Build.0 = Release|Any CPU
		{C2BFC625-1E21-4701-B4C8-B524A674275E}.Debug|Any CPU.ActiveCfg = Debug|Any CPU
		{C2BFC625-1E21-4701-B4C8-B524A674275E}.Debug|Any CPU.Build.0 = Debug|Any CPU
		{C2BFC625-1E21-4701-B4C8-B524A674275E}.Release|Any CPU.ActiveCfg = Release|Any CPU
		{C2BFC625-1E21-4701-B4C8-B524A674275E}.Release|Any CPU.Build.0 = Release|Any CPU
		{E0C9FF2B-DFDA-4762-ABB5-7958512C9927}.Debug|Any CPU.ActiveCfg = Debug|Any CPU
		{E0C9FF2B-DFDA-4762-ABB5-7958512C9927}.Debug|Any CPU.Build.0 = Debug|Any CPU
		{E0C9FF2B-DFDA-4762-ABB5-7958512C9927}.Release|Any CPU.ActiveCfg = Release|Any CPU
		{E0C9FF2B-DFDA-4762-ABB5-7958512C9927}.Release|Any CPU.Build.0 = Release|Any CPU
		{267695C2-0F1C-4A03-89D3-D5A981A36AA3}.Debug|Any CPU.ActiveCfg = Debug|Any CPU
		{267695C2-0F1C-4A03-89D3-D5A981A36AA3}.Debug|Any CPU.Build.0 = Debug|Any CPU
		{267695C2-0F1C-4A03-89D3-D5A981A36AA3}.Release|Any CPU.ActiveCfg = Release|Any CPU
		{267695C2-0F1C-4A03-89D3-D5A981A36AA3}.Release|Any CPU.Build.0 = Release|Any CPU
		{FDD81541-8BD2-4369-BFCD-81BFB325A374}.Debug|Any CPU.ActiveCfg = Debug|Any CPU
		{FDD81541-8BD2-4369-BFCD-81BFB325A374}.Debug|Any CPU.Build.0 = Debug|Any CPU
		{FDD81541-8BD2-4369-BFCD-81BFB325A374}.Release|Any CPU.ActiveCfg = Release|Any CPU
		{FDD81541-8BD2-4369-BFCD-81BFB325A374}.Release|Any CPU.Build.0 = Release|Any CPU
		{8548AA9D-BFDD-41D2-B558-658E93A4129D}.Debug|Any CPU.ActiveCfg = Debug|Any CPU
		{8548AA9D-BFDD-41D2-B558-658E93A4129D}.Debug|Any CPU.Build.0 = Debug|Any CPU
		{8548AA9D-BFDD-41D2-B558-658E93A4129D}.Release|Any CPU.ActiveCfg = Release|Any CPU
		{8548AA9D-BFDD-41D2-B558-658E93A4129D}.Release|Any CPU.Build.0 = Release|Any CPU
		{D55C50BA-B6E1-4228-8E8E-BEB598CE66CC}.Debug|Any CPU.ActiveCfg = Debug|Any CPU
		{D55C50BA-B6E1-4228-8E8E-BEB598CE66CC}.Debug|Any CPU.Build.0 = Debug|Any CPU
		{D55C50BA-B6E1-4228-8E8E-BEB598CE66CC}.Release|Any CPU.ActiveCfg = Release|Any CPU
		{D55C50BA-B6E1-4228-8E8E-BEB598CE66CC}.Release|Any CPU.Build.0 = Release|Any CPU
		{27FA5AF4-AEDA-49C6-AC5E-DD2BE6596794}.Debug|Any CPU.ActiveCfg = Debug|Any CPU
		{27FA5AF4-AEDA-49C6-AC5E-DD2BE6596794}.Debug|Any CPU.Build.0 = Debug|Any CPU
		{27FA5AF4-AEDA-49C6-AC5E-DD2BE6596794}.Release|Any CPU.ActiveCfg = Release|Any CPU
		{27FA5AF4-AEDA-49C6-AC5E-DD2BE6596794}.Release|Any CPU.Build.0 = Release|Any CPU
		{AF95016D-5C95-4E1A-BD72-253CDBCD4335}.Debug|Any CPU.ActiveCfg = Debug|Any CPU
		{AF95016D-5C95-4E1A-BD72-253CDBCD4335}.Debug|Any CPU.Build.0 = Debug|Any CPU
		{AF95016D-5C95-4E1A-BD72-253CDBCD4335}.Release|Any CPU.ActiveCfg = Release|Any CPU
		{AF95016D-5C95-4E1A-BD72-253CDBCD4335}.Release|Any CPU.Build.0 = Release|Any CPU
		{FE81D961-E0C8-431D-9E3C-621C16A541E9}.Debug|Any CPU.ActiveCfg = Debug|Any CPU
		{FE81D961-E0C8-431D-9E3C-621C16A541E9}.Debug|Any CPU.Build.0 = Debug|Any CPU
		{FE81D961-E0C8-431D-9E3C-621C16A541E9}.Release|Any CPU.ActiveCfg = Release|Any CPU
		{FE81D961-E0C8-431D-9E3C-621C16A541E9}.Release|Any CPU.Build.0 = Release|Any CPU
		{3B84860A-6C69-4C9F-BA57-07BD4AC5D7F3}.Debug|Any CPU.ActiveCfg = Debug|Any CPU
		{3B84860A-6C69-4C9F-BA57-07BD4AC5D7F3}.Debug|Any CPU.Build.0 = Debug|Any CPU
		{3B84860A-6C69-4C9F-BA57-07BD4AC5D7F3}.Release|Any CPU.ActiveCfg = Release|Any CPU
		{3B84860A-6C69-4C9F-BA57-07BD4AC5D7F3}.Release|Any CPU.Build.0 = Release|Any CPU
		{C721BA78-C689-4BE2-AEF9-5CFB5F9CEBBC}.Debug|Any CPU.ActiveCfg = Debug|Any CPU
		{C721BA78-C689-4BE2-AEF9-5CFB5F9CEBBC}.Debug|Any CPU.Build.0 = Debug|Any CPU
		{C721BA78-C689-4BE2-AEF9-5CFB5F9CEBBC}.Release|Any CPU.ActiveCfg = Release|Any CPU
		{C721BA78-C689-4BE2-AEF9-5CFB5F9CEBBC}.Release|Any CPU.Build.0 = Release|Any CPU
		{01015EA8-D7FA-44C4-A24A-C81921622D78}.Debug|Any CPU.ActiveCfg = Debug|Any CPU
		{01015EA8-D7FA-44C4-A24A-C81921622D78}.Debug|Any CPU.Build.0 = Debug|Any CPU
		{01015EA8-D7FA-44C4-A24A-C81921622D78}.Release|Any CPU.ActiveCfg = Release|Any CPU
		{01015EA8-D7FA-44C4-A24A-C81921622D78}.Release|Any CPU.Build.0 = Release|Any CPU
		{0CA662E5-F86C-48B6-A5FD-D2059B3D4DDF}.Debug|Any CPU.ActiveCfg = Debug|Any CPU
		{0CA662E5-F86C-48B6-A5FD-D2059B3D4DDF}.Debug|Any CPU.Build.0 = Debug|Any CPU
		{0CA662E5-F86C-48B6-A5FD-D2059B3D4DDF}.Release|Any CPU.ActiveCfg = Release|Any CPU
		{0CA662E5-F86C-48B6-A5FD-D2059B3D4DDF}.Release|Any CPU.Build.0 = Release|Any CPU
		{E99BC781-19CC-4029-A740-583AD7921D14}.Debug|Any CPU.ActiveCfg = Debug|Any CPU
		{E99BC781-19CC-4029-A740-583AD7921D14}.Debug|Any CPU.Build.0 = Debug|Any CPU
		{E99BC781-19CC-4029-A740-583AD7921D14}.Release|Any CPU.ActiveCfg = Release|Any CPU
		{E99BC781-19CC-4029-A740-583AD7921D14}.Release|Any CPU.Build.0 = Release|Any CPU
		{3CCE8F20-77CF-4959-99E0-01910197A71A}.Debug|Any CPU.ActiveCfg = Debug|Any CPU
		{3CCE8F20-77CF-4959-99E0-01910197A71A}.Debug|Any CPU.Build.0 = Debug|Any CPU
		{3CCE8F20-77CF-4959-99E0-01910197A71A}.Release|Any CPU.ActiveCfg = Release|Any CPU
		{3CCE8F20-77CF-4959-99E0-01910197A71A}.Release|Any CPU.Build.0 = Release|Any CPU
		{2ED52B03-2B1F-4F74-88FA-3661DB20E5BD}.Debug|Any CPU.ActiveCfg = Debug|Any CPU
		{2ED52B03-2B1F-4F74-88FA-3661DB20E5BD}.Debug|Any CPU.Build.0 = Debug|Any CPU
		{2ED52B03-2B1F-4F74-88FA-3661DB20E5BD}.Release|Any CPU.ActiveCfg = Release|Any CPU
		{2ED52B03-2B1F-4F74-88FA-3661DB20E5BD}.Release|Any CPU.Build.0 = Release|Any CPU
	EndGlobalSection
	GlobalSection(SolutionProperties) = preSolution
		HideSolutionNode = FALSE
	EndGlobalSection
	GlobalSection(ExtensibilityGlobals) = postSolution
		SolutionGuid = {F0BEB487-6BD8-45D6-831D-B6947A121A9F}
	EndGlobalSection
EndGlobal
